
Microsoft Visual Studio Solution File, Format Version 12.00
# Visual Studio Version 17
VisualStudioVersion = 17.14.36121.58
MinimumVisualStudioVersion = 10.0.40219.1
Project("{FAE04EC0-301F-11D3-BF4B-00C04F79EFBC}") = "MyGPcTimerControl", "MyGPcTimerControl\MyGPcTimerControl.csproj", "{45004D86-6740-4A26-B628-AF6759838DD0}"
EndProject
Project("{FAE04EC0-301F-11D3-BF4B-00C04F79EFBC}") = "Updater", "Updater\Updater.csproj", "{7675F6B7-08FE-4F6B-AD66-8CE6B419300B}"
EndProject
Global
	GlobalSection(SolutionConfigurationPlatforms) = preSolution
		Debug|Any CPU = Debug|Any CPU
		Release|Any CPU = Release|Any CPU
	EndGlobalSection
	GlobalSection(ProjectConfigurationPlatforms) = postSolution
		{45004D86-6740-4A26-B628-AF6759838DD0}.Debug|Any CPU.ActiveCfg = Debug|Any CPU
		{45004D86-6740-4A26-B628-AF6759838DD0}.Debug|Any CPU.Build.0 = Debug|Any CPU
		{45004D86-6740-4A26-B628-AF6759838DD0}.Release|Any CPU.ActiveCfg = Release|Any CPU
		{45004D86-6740-4A26-B628-AF6759838DD0}.Release|Any CPU.Build.0 = Release|Any CPU
		{7675F6B7-08FE-4F6B-AD66-8CE6B419300B}.Debug|Any CPU.ActiveCfg = Debug|Any CPU
		{7675F6B7-08FE-4F6B-AD66-8CE6B419300B}.Debug|Any CPU.Build.0 = Debug|Any CPU
		{7675F6B7-08FE-4F6B-AD66-8CE6B419300B}.Release|Any CPU.ActiveCfg = Release|Any CPU
		{7675F6B7-08FE-4F6B-AD66-8CE6B419300B}.Release|Any CPU.Build.0 = Release|Any CPU
	EndGlobalSection
	GlobalSection(SolutionProperties) = preSolution
		HideSolutionNode = FALSE
	EndGlobalSection
	GlobalSection(ExtensibilityGlobals) = postSolution
		SolutionGuid = {B82A44A7-43F7-40F9-839C-E58CE8FC28F4}
	EndGlobalSection
EndGlobal
